// !$*UTF8*$!
{
	archiveVersion = 1;
	classes = {
	};
	objectVersion = 46;
	objects = {

/* Begin PBXBuildFile section */
		A649E01C1DCD373D00A08D4A /* 13_1.cpp in Sources */ = {isa = PBXBuildFile; fileRef = A649E01A1DCD373D00A08D4A /* 13_1.cpp */; };
		A649E0221DCD390700A08D4A /* CountCharacters13_2.cpp in Sources */ = {isa = PBXBuildFile; fileRef = A649E0201DCD390700A08D4A /* CountCharacters13_2.cpp */; };
		A649E0251DCD3D3A00A08D4A /* BabyNames13_5.cpp in Sources */ = {isa = PBXBuildFile; fileRef = A649E0231DCD3D3A00A08D4A /* BabyNames13_5.cpp */; };
		A649E0281DCD41EE00A08D4A /* CircleClass14_3.cpp in Sources */ = {isa = PBXBuildFile; fileRef = A649E0261DCD41EE00A08D4A /* CircleClass14_3.cpp */; };
		A649E02B1DCD46C800A08D4A /* ComplexClass14_7.cpp in Sources */ = {isa = PBXBuildFile; fileRef = A649E0291DCD46C800A08D4A /* ComplexClass14_7.cpp */; };
		A67231121DCBDAD300E3CCB4 /* main.cpp in Sources */ = {isa = PBXBuildFile; fileRef = A67231111DCBDAD300E3CCB4 /* main.cpp */; };
/* End PBXBuildFile section */

/* Begin PBXCopyFilesBuildPhase section */
		A672310C1DCBDAD300E3CCB4 /* CopyFiles */ = {
			isa = PBXCopyFilesBuildPhase;
			buildActionMask = 2147483647;
			dstPath = /usr/share/man/man1/;
			dstSubfolderSpec = 0;
			files = (
			);
			runOnlyForDeploymentPostprocessing = 1;
		};
/* End PBXCopyFilesBuildPhase section */

/* Begin PBXFileReference section */
		A649E01A1DCD373D00A08D4A /* 13_1.cpp */ = {isa = PBXFileReference; fileEncoding = 4; lastKnownFileType = sourcecode.cpp.cpp; path = 13_1.cpp; sourceTree = "<group>"; };
		A649E01B1DCD373D00A08D4A /* 13_1.hpp */ = {isa = PBXFileReference; fileEncoding = 4; lastKnownFileType = sourcecode.cpp.h; path = 13_1.hpp; sourceTree = "<group>"; };
		A649E0201DCD390700A08D4A /* CountCharacters13_2.cpp */ = {isa = PBXFileReference; fileEncoding = 4; lastKnownFileType = sourcecode.cpp.cpp; path = CountCharacters13_2.cpp; sourceTree = "<group>"; };
		A649E0211DCD390700A08D4A /* CountCharacters13_2.hpp */ = {isa = PBXFileReference; fileEncoding = 4; lastKnownFileType = sourcecode.cpp.h; path = CountCharacters13_2.hpp; sourceTree = "<group>"; };
		A649E0231DCD3D3A00A08D4A /* BabyNames13_5.cpp */ = {isa = PBXFileReference; fileEncoding = 4; lastKnownFileType = sourcecode.cpp.cpp; path = BabyNames13_5.cpp; sourceTree = "<group>"; };
		A649E0241DCD3D3A00A08D4A /* BabyNames13_5.hpp */ = {isa = PBXFileReference; fileEncoding = 4; lastKnownFileType = sourcecode.cpp.h; path = BabyNames13_5.hpp; sourceTree = "<group>"; };
		A649E0261DCD41EE00A08D4A /* CircleClass14_3.cpp */ = {isa = PBXFileReference; fileEncoding = 4; lastKnownFileType = sourcecode.cpp.cpp; path = CircleClass14_3.cpp; sourceTree = "<group>"; };
		A649E0271DCD41EE00A08D4A /* CircleClass14_3.hpp */ = {isa = PBXFileReference; fileEncoding = 4; lastKnownFileType = sourcecode.cpp.h; path = CircleClass14_3.hpp; sourceTree = "<group>"; };
		A649E0291DCD46C800A08D4A /* ComplexClass14_7.cpp */ = {isa = PBXFileReference; fileEncoding = 4; lastKnownFileType = sourcecode.cpp.cpp; path = ComplexClass14_7.cpp; sourceTree = "<group>"; };
		A649E02A1DCD46C800A08D4A /* ComplexClass14_7.hpp */ = {isa = PBXFileReference; fileEncoding = 4; lastKnownFileType = sourcecode.cpp.h; path = ComplexClass14_7.hpp; sourceTree = "<group>"; };
		A672310E1DCBDAD300E3CCB4 /* CS172HW6 */ = {isa = PBXFileReference; explicitFileType = "compiled.mach-o.executable"; includeInIndex = 0; path = CS172HW6; sourceTree = BUILT_PRODUCTS_DIR; };
		A67231111DCBDAD300E3CCB4 /* main.cpp */ = {isa = PBXFileReference; lastKnownFileType = sourcecode.cpp.cpp; path = main.cpp; sourceTree = "<group>"; };
/* End PBXFileReference section */

/* Begin PBXFrameworksBuildPhase section */
		A672310B1DCBDAD300E3CCB4 /* Frameworks */ = {
			isa = PBXFrameworksBuildPhase;
			buildActionMask = 2147483647;
			files = (
			);
			runOnlyForDeploymentPostprocessing = 0;
		};
/* End PBXFrameworksBuildPhase section */

/* Begin PBXGroup section */
		A67231051DCBDAD300E3CCB4 = {
			isa = PBXGroup;
			children = (
				A67231101DCBDAD300E3CCB4 /* CS172HW6 */,
				A672310F1DCBDAD300E3CCB4 /* Products */,
			);
			sourceTree = "<group>";
		};
		A672310F1DCBDAD300E3CCB4 /* Products */ = {
			isa = PBXGroup;
			children = (
				A672310E1DCBDAD300E3CCB4 /* CS172HW6 */,
			);
			name = Products;
			sourceTree = "<group>";
		};
		A67231101DCBDAD300E3CCB4 /* CS172HW6 */ = {
			isa = PBXGroup;
			children = (
				A67231111DCBDAD300E3CCB4 /* main.cpp */,
				A649E01A1DCD373D00A08D4A /* 13_1.cpp */,
				A649E01B1DCD373D00A08D4A /* 13_1.hpp */,
				A649E0201DCD390700A08D4A /* CountCharacters13_2.cpp */,
				A649E0211DCD390700A08D4A /* CountCharacters13_2.hpp */,
				A649E0231DCD3D3A00A08D4A /* BabyNames13_5.cpp */,
				A649E0241DCD3D3A00A08D4A /* BabyNames13_5.hpp */,
				A649E0261DCD41EE00A08D4A /* CircleClass14_3.cpp */,
				A649E0271DCD41EE00A08D4A /* CircleClass14_3.hpp */,
				A649E0291DCD46C800A08D4A /* ComplexClass14_7.cpp */,
				A649E02A1DCD46C800A08D4A /* ComplexClass14_7.hpp */,
			);
			path = CS172HW6;
			sourceTree = "<group>";
		};
/* End PBXGroup section */

/* Begin PBXNativeTarget section */
		A672310D1DCBDAD300E3CCB4 /* CS172HW6 */ = {
			isa = PBXNativeTarget;
			buildConfigurationList = A67231151DCBDAD300E3CCB4 /* Build configuration list for PBXNativeTarget "CS172HW6" */;
			buildPhases = (
				A672310A1DCBDAD300E3CCB4 /* Sources */,
				A672310B1DCBDAD300E3CCB4 /* Frameworks */,
				A672310C1DCBDAD300E3CCB4 /* CopyFiles */,
			);
			buildRules = (
			);
			dependencies = (
			);
			name = CS172HW6;
			productName = CS172HW6;
			productReference = A672310E1DCBDAD300E3CCB4 /* CS172HW6 */;
			productType = "com.apple.product-type.tool";
		};
/* End PBXNativeTarget section */

/* Begin PBXProject section */
		A67231061DCBDAD300E3CCB4 /* Project object */ = {
			isa = PBXProject;
			attributes = {
				LastUpgradeCheck = 0720;
				ORGANIZATIONNAME = "Heidi Wiebers";
				TargetAttributes = {
					A672310D1DCBDAD300E3CCB4 = {
						CreatedOnToolsVersion = 7.2.1;
					};
				};
			};
			buildConfigurationList = A67231091DCBDAD300E3CCB4 /* Build configuration list for PBXProject "CS172HW6" */;
			compatibilityVersion = "Xcode 3.2";
			developmentRegion = English;
			hasScannedForEncodings = 0;
			knownRegions = (
				en,
			);
			mainGroup = A67231051DCBDAD300E3CCB4;
			productRefGroup = A672310F1DCBDAD300E3CCB4 /* Products */;
			projectDirPath = "";
			projectRoot = "";
			targets = (
				A672310D1DCBDAD300E3CCB4 /* CS172HW6 */,
			);
		};
/* End PBXProject section */

/* Begin PBXSourcesBuildPhase section */
		A672310A1DCBDAD300E3CCB4 /* Sources */ = {
			isa = PBXSourcesBuildPhase;
			buildActionMask = 2147483647;
			files = (
				A649E0251DCD3D3A00A08D4A /* BabyNames13_5.cpp in Sources */,
				A67231121DCBDAD300E3CCB4 /* main.cpp in Sources */,
				A649E02B1DCD46C800A08D4A /* ComplexClass14_7.cpp in Sources */,
				A649E0281DCD41EE00A08D4A /* CircleClass14_3.cpp in Sources */,
				A649E0221DCD390700A08D4A /* CountCharacters13_2.cpp in Sources */,
				A649E01C1DCD373D00A08D4A /* 13_1.cpp in Sources */,
			);
			runOnlyForDeploymentPostprocessing = 0;
		};
/* End PBXSourcesBuildPhase section */

/* Begin XCBuildConfiguration section */
		A67231131DCBDAD300E3CCB4 /* Debug */ = {
			isa = XCBuildConfiguration;
			buildSettings = {
				ALWAYS_SEARCH_USER_PATHS = NO;
				CLANG_CXX_LANGUAGE_STANDARD = "gnu++0x";
				CLANG_CXX_LIBRARY = "libc++";
				CLANG_ENABLE_MODULES = YES;
				CLANG_ENABLE_OBJC_ARC = YES;
				CLANG_WARN_BOOL_CONVERSION = YES;
				CLANG_WARN_CONSTANT_CONVERSION = YES;
				CLANG_WARN_DIRECT_OBJC_ISA_USAGE = YES_ERROR;
				CLANG_WARN_EMPTY_BODY = YES;
				CLANG_WARN_ENUM_CONVERSION = YES;
				CLANG_WARN_INT_CONVERSION = YES;
				CLANG_WARN_OBJC_ROOT_CLASS = YES_ERROR;
				CLANG_WARN_UNREACHABLE_CODE = YES;
				CLANG_WARN__DUPLICATE_METHOD_MATCH = YES;
				CODE_SIGN_IDENTITY = "-";
				COPY_PHASE_STRIP = NO;
				DEBUG_INFORMATION_FORMAT = dwarf;
				ENABLE_STRICT_OBJC_MSGSEND = YES;
				ENABLE_TESTABILITY = YES;
				GCC_C_LANGUAGE_STANDARD = gnu99;
				GCC_DYNAMIC_NO_PIC = NO;
				GCC_NO_COMMON_BLOCKS = YES;
				GCC_OPTIMIZATION_LEVEL = 0;
				GCC_PREPROCESSOR_DEFINITIONS = (
					"DEBUG=1",
					"$(inherited)",
				);
				GCC_WARN_64_TO_32_BIT_CONVERSION = YES;
				GCC_WARN_ABOUT_RETURN_TYPE = YES_ERROR;
				GCC_WARN_UNDECLARED_SELECTOR = YES;
				GCC_WARN_UNINITIALIZED_AUTOS = YES_AGGRESSIVE;
				GCC_WARN_UNUSED_FUNCTION = YES;
				GCC_WARN_UNUSED_VARIABLE = YES;
				MACOSX_DEPLOYMENT_TARGET = 10.10;
				MTL_ENABLE_DEBUG_INFO = YES;
				ONLY_ACTIVE_ARCH = YES;
				SDKROOT = macosx;
			};
			name = Debug;
		};
		A67231141DCBDAD300E3CCB4 /* Release */ = {
			isa = XCBuildConfiguration;
			buildSettings = {
				ALWAYS_SEARCH_USER_PATHS = NO;
				CLANG_CXX_LANGUAGE_STANDARD = "gnu++0x";
				CLANG_CXX_LIBRARY = "libc++";
				CLANG_ENABLE_MODULES = YES;
				CLANG_ENABLE_OBJC_ARC = YES;
				CLANG_WARN_BOOL_CONVERSION = YES;
				CLANG_WARN_CONSTANT_CONVERSION = YES;
				CLANG_WARN_DIRECT_OBJC_ISA_USAGE = YES_ERROR;
				CLANG_WARN_EMPTY_BODY = YES;
				CLANG_WARN_ENUM_CONVERSION = YES;
				CLANG_WARN_INT_CONVERSION = YES;
				CLANG_WARN_OBJC_ROOT_CLASS = YES_ERROR;
				CLANG_WARN_UNREACHABLE_CODE = YES;
				CLANG_WARN__DUPLICATE_METHOD_MATCH = YES;
				CODE_SIGN_IDENTITY = "-";
				COPY_PHASE_STRIP = NO;
				DEBUG_INFORMATION_FORMAT = "dwarf-with-dsym";
				ENABLE_NS_ASSERTIONS = NO;
				ENABLE_STRICT_OBJC_MSGSEND = YES;
				GCC_C_LANGUAGE_STANDARD = gnu99;
				GCC_NO_COMMON_BLOCKS = YES;
				GCC_WARN_64_TO_32_BIT_CONVERSION = YES;
				GCC_WARN_ABOUT_RETURN_TYPE = YES_ERROR;
				GCC_WARN_UNDECLARED_SELECTOR = YES;
				GCC_WARN_UNINITIALIZED_AUTOS = YES_AGGRESSIVE;
				GCC_WARN_UNUSED_FUNCTION = YES;
				GCC_WARN_UNUSED_VARIABLE = YES;
				MACOSX_DEPLOYMENT_TARGET = 10.10;
				MTL_ENABLE_DEBUG_INFO = NO;
				SDKROOT = macosx;
			};
			name = Release;
		};
		A67231161DCBDAD300E3CCB4 /* Debug */ = {
			isa = XCBuildConfiguration;
			buildSettings = {
				PRODUCT_NAME = "$(TARGET_NAME)";
			};
			name = Debug;
		};
		A67231171DCBDAD300E3CCB4 /* Release */ = {
			isa = XCBuildConfiguration;
			buildSettings = {
				PRODUCT_NAME = "$(TARGET_NAME)";
			};
			name = Release;
		};
/* End XCBuildConfiguration section */

/* Begin XCConfigurationList section */
		A67231091DCBDAD300E3CCB4 /* Build configuration list for PBXProject "CS172HW6" */ = {
			isa = XCConfigurationList;
			buildConfigurations = (
				A67231131DCBDAD300E3CCB4 /* Debug */,
				A67231141DCBDAD300E3CCB4 /* Release */,
			);
			defaultConfigurationIsVisible = 0;
			defaultConfigurationName = Release;
		};
		A67231151DCBDAD300E3CCB4 /* Build configuration list for PBXNativeTarget "CS172HW6" */ = {
			isa = XCConfigurationList;
			buildConfigurations = (
				A67231161DCBDAD300E3CCB4 /* Debug */,
				A67231171DCBDAD300E3CCB4 /* Release */,
			);
			defaultConfigurationIsVisible = 0;
			defaultConfigurationName = Release;
		};
/* End XCConfigurationList section */
	};
	rootObject = A67231061DCBDAD300E3CCB4 /* Project object */;
}
